// !$*UTF8*$!
{
	archiveVersion = 1;
	classes = {
	};
	objectVersion = 46;
	objects = {

/* Begin PBXBuildFile section */
		511635891F044380009792C0 /* AppDelegate.swift in Sources */ = {isa = PBXBuildFile; fileRef = 511635881F044380009792C0 /* AppDelegate.swift */; };
		5116358B1F044380009792C0 /* HomeController.swift in Sources */ = {isa = PBXBuildFile; fileRef = 5116358A1F044380009792C0 /* HomeController.swift */; };
		5116358E1F044380009792C0 /* Main.storyboard in Resources */ = {isa = PBXBuildFile; fileRef = 5116358C1F044380009792C0 /* Main.storyboard */; };
		511635901F044380009792C0 /* Assets.xcassets in Resources */ = {isa = PBXBuildFile; fileRef = 5116358F1F044380009792C0 /* Assets.xcassets */; };
		511635931F044380009792C0 /* LaunchScreen.storyboard in Resources */ = {isa = PBXBuildFile; fileRef = 511635911F044380009792C0 /* LaunchScreen.storyboard */; };
		5116359E1F044380009792C0 /* YouTubeCloneTests.swift in Sources */ = {isa = PBXBuildFile; fileRef = 5116359D1F044380009792C0 /* YouTubeCloneTests.swift */; };
		511635A91F044380009792C0 /* YouTubeCloneUITests.swift in Sources */ = {isa = PBXBuildFile; fileRef = 511635A81F044380009792C0 /* YouTubeCloneUITests.swift */; };
		51389DB51F0977ED00E768BD /* Extensions.swift in Sources */ = {isa = PBXBuildFile; fileRef = 51389DB41F0977ED00E768BD /* Extensions.swift */; };
		51389DB81F09786A00E768BD /* VideoCell.swift in Sources */ = {isa = PBXBuildFile; fileRef = 51389DB71F09786A00E768BD /* VideoCell.swift */; };
		51389DBB1F097A3A00E768BD /* MenuBar.swift in Sources */ = {isa = PBXBuildFile; fileRef = 51389DBA1F097A3A00E768BD /* MenuBar.swift */; };
		51389DBD1F0983D600E768BD /* BaseCell.swift in Sources */ = {isa = PBXBuildFile; fileRef = 51389DBC1F0983D600E768BD /* BaseCell.swift */; };
		51389DBF1F0984F900E768BD /* MenuCell.swift in Sources */ = {isa = PBXBuildFile; fileRef = 51389DBE1F0984F900E768BD /* MenuCell.swift */; };
		51389DC21F09959B00E768BD /* Video.swift in Sources */ = {isa = PBXBuildFile; fileRef = 51389DC11F09959B00E768BD /* Video.swift */; };
/* End PBXBuildFile section */

/* Begin PBXContainerItemProxy section */
		5116359A1F044380009792C0 /* PBXContainerItemProxy */ = {
			isa = PBXContainerItemProxy;
			containerPortal = 5116357D1F044380009792C0 /* Project object */;
			proxyType = 1;
			remoteGlobalIDString = 511635841F044380009792C0;
			remoteInfo = YouTubeClone;
		};
		511635A51F044380009792C0 /* PBXContainerItemProxy */ = {
			isa = PBXContainerItemProxy;
			containerPortal = 5116357D1F044380009792C0 /* Project object */;
			proxyType = 1;
			remoteGlobalIDString = 511635841F044380009792C0;
			remoteInfo = YouTubeClone;
		};
/* End PBXContainerItemProxy section */

/* Begin PBXFileReference section */
		511635851F044380009792C0 /* YouTubeClone.app */ = {isa = PBXFileReference; explicitFileType = wrapper.application; includeInIndex = 0; path = YouTubeClone.app; sourceTree = BUILT_PRODUCTS_DIR; };
		511635881F044380009792C0 /* AppDelegate.swift */ = {isa = PBXFileReference; lastKnownFileType = sourcecode.swift; path = AppDelegate.swift; sourceTree = "<group>"; };
		5116358A1F044380009792C0 /* HomeController.swift */ = {isa = PBXFileReference; lastKnownFileType = sourcecode.swift; path = HomeController.swift; sourceTree = "<group>"; };
		5116358D1F044380009792C0 /* Base */ = {isa = PBXFileReference; lastKnownFileType = file.storyboard; name = Base; path = Base.lproj/Main.storyboard; sourceTree = "<group>"; };
		5116358F1F044380009792C0 /* Assets.xcassets */ = {isa = PBXFileReference; lastKnownFileType = folder.assetcatalog; path = Assets.xcassets; sourceTree = "<group>"; };
		511635921F044380009792C0 /* Base */ = {isa = PBXFileReference; lastKnownFileType = file.storyboard; name = Base; path = Base.lproj/LaunchScreen.storyboard; sourceTree = "<group>"; };
		511635941F044380009792C0 /* Info.plist */ = {isa = PBXFileReference; lastKnownFileType = text.plist.xml; path = Info.plist; sourceTree = "<group>"; };
		511635991F044380009792C0 /* YouTubeCloneTests.xctest */ = {isa = PBXFileReference; explicitFileType = wrapper.cfbundle; includeInIndex = 0; path = YouTubeCloneTests.xctest; sourceTree = BUILT_PRODUCTS_DIR; };
		5116359D1F044380009792C0 /* YouTubeCloneTests.swift */ = {isa = PBXFileReference; lastKnownFileType = sourcecode.swift; path = YouTubeCloneTests.swift; sourceTree = "<group>"; };
		5116359F1F044380009792C0 /* Info.plist */ = {isa = PBXFileReference; lastKnownFileType = text.plist.xml; path = Info.plist; sourceTree = "<group>"; };
		511635A41F044380009792C0 /* YouTubeCloneUITests.xctest */ = {isa = PBXFileReference; explicitFileType = wrapper.cfbundle; includeInIndex = 0; path = YouTubeCloneUITests.xctest; sourceTree = BUILT_PRODUCTS_DIR; };
		511635A81F044380009792C0 /* YouTubeCloneUITests.swift */ = {isa = PBXFileReference; lastKnownFileType = sourcecode.swift; path = YouTubeCloneUITests.swift; sourceTree = "<group>"; };
		511635AA1F044380009792C0 /* Info.plist */ = {isa = PBXFileReference; lastKnownFileType = text.plist.xml; path = Info.plist; sourceTree = "<group>"; };
		51389DB41F0977ED00E768BD /* Extensions.swift */ = {isa = PBXFileReference; fileEncoding = 4; lastKnownFileType = sourcecode.swift; path = Extensions.swift; sourceTree = "<group>"; };
		51389DB71F09786A00E768BD /* VideoCell.swift */ = {isa = PBXFileReference; fileEncoding = 4; lastKnownFileType = sourcecode.swift; path = VideoCell.swift; sourceTree = "<group>"; };
		51389DBA1F097A3A00E768BD /* MenuBar.swift */ = {isa = PBXFileReference; fileEncoding = 4; lastKnownFileType = sourcecode.swift; path = MenuBar.swift; sourceTree = "<group>"; };
		51389DBC1F0983D600E768BD /* BaseCell.swift */ = {isa = PBXFileReference; fileEncoding = 4; lastKnownFileType = sourcecode.swift; path = BaseCell.swift; sourceTree = "<group>"; };
		51389DBE1F0984F900E768BD /* MenuCell.swift */ = {isa = PBXFileReference; fileEncoding = 4; lastKnownFileType = sourcecode.swift; path = MenuCell.swift; sourceTree = "<group>"; };
		51389DC11F09959B00E768BD /* Video.swift */ = {isa = PBXFileReference; fileEncoding = 4; lastKnownFileType = sourcecode.swift; path = Video.swift; sourceTree = "<group>"; };
/* End PBXFileReference section */

/* Begin PBXFrameworksBuildPhase section */
		511635821F044380009792C0 /* Frameworks */ = {
			isa = PBXFrameworksBuildPhase;
			buildActionMask = 2147483647;
			files = (
			);
			runOnlyForDeploymentPostprocessing = 0;
		};
		511635961F044380009792C0 /* Frameworks */ = {
			isa = PBXFrameworksBuildPhase;
			buildActionMask = 2147483647;
			files = (
			);
			runOnlyForDeploymentPostprocessing = 0;
		};
		511635A11F044380009792C0 /* Frameworks */ = {
			isa = PBXFrameworksBuildPhase;
			buildActionMask = 2147483647;
			files = (
			);
			runOnlyForDeploymentPostprocessing = 0;
		};
/* End PBXFrameworksBuildPhase section */

/* Begin PBXGroup section */
		5116357C1F044380009792C0 = {
			isa = PBXGroup;
			children = (
				511635871F044380009792C0 /* YouTubeClone */,
				5116359C1F044380009792C0 /* YouTubeCloneTests */,
				511635A71F044380009792C0 /* YouTubeCloneUITests */,
				511635861F044380009792C0 /* Products */,
			);
			sourceTree = "<group>";
		};
		511635861F044380009792C0 /* Products */ = {
			isa = PBXGroup;
			children = (
				511635851F044380009792C0 /* YouTubeClone.app */,
				511635991F044380009792C0 /* YouTubeCloneTests.xctest */,
				511635A41F044380009792C0 /* YouTubeCloneUITests.xctest */,
			);
			name = Products;
			sourceTree = "<group>";
		};
		511635871F044380009792C0 /* YouTubeClone */ = {
			isa = PBXGroup;
			children = (
				511635881F044380009792C0 /* AppDelegate.swift */,
				5116358C1F044380009792C0 /* Main.storyboard */,
				511635B61F044392009792C0 /* Supporting Files */,
				51389DC01F09958300E768BD /* Models */,
				51389DB61F09784800E768BD /* Views */,
				51389DB91F0978A100E768BD /* Controllers */,
				51389DB31F0977DF00E768BD /* Helpers */,
			);
			path = YouTubeClone;
			sourceTree = "<group>";
		};
		5116359C1F044380009792C0 /* YouTubeCloneTests */ = {
			isa = PBXGroup;
			children = (
				5116359D1F044380009792C0 /* YouTubeCloneTests.swift */,
				5116359F1F044380009792C0 /* Info.plist */,
			);
			path = YouTubeCloneTests;
			sourceTree = "<group>";
		};
		511635A71F044380009792C0 /* YouTubeCloneUITests */ = {
			isa = PBXGroup;
			children = (
				511635A81F044380009792C0 /* YouTubeCloneUITests.swift */,
				511635AA1F044380009792C0 /* Info.plist */,
			);
			path = YouTubeCloneUITests;
			sourceTree = "<group>";
		};
		511635B61F044392009792C0 /* Supporting Files */ = {
			isa = PBXGroup;
			children = (
				5116358F1F044380009792C0 /* Assets.xcassets */,
				511635911F044380009792C0 /* LaunchScreen.storyboard */,
				511635941F044380009792C0 /* Info.plist */,
			);
			name = "Supporting Files";
			sourceTree = "<group>";
		};
		51389DB31F0977DF00E768BD /* Helpers */ = {
			isa = PBXGroup;
			children = (
				51389DB41F0977ED00E768BD /* Extensions.swift */,
			);
			name = Helpers;
			sourceTree = "<group>";
		};
		51389DB61F09784800E768BD /* Views */ = {
			isa = PBXGroup;
			children = (
				51389DBC1F0983D600E768BD /* BaseCell.swift */,
				51389DB71F09786A00E768BD /* VideoCell.swift */,
				51389DC31F0B04AD00E768BD /* MenuBar */,
			);
			name = Views;
			sourceTree = "<group>";
		};
		51389DB91F0978A100E768BD /* Controllers */ = {
			isa = PBXGroup;
			children = (
				5116358A1F044380009792C0 /* HomeController.swift */,
			);
			name = Controllers;
			sourceTree = "<group>";
		};
		51389DC01F09958300E768BD /* Models */ = {
			isa = PBXGroup;
			children = (
				51389DC11F09959B00E768BD /* Video.swift */,
			);
			name = Models;
			sourceTree = "<group>";
		};
		51389DC31F0B04AD00E768BD /* MenuBar */ = {
			isa = PBXGroup;
			children = (
				51389DBE1F0984F900E768BD /* MenuCell.swift */,
				51389DBA1F097A3A00E768BD /* MenuBar.swift */,
			);
			name = MenuBar;
			sourceTree = "<group>";
		};
/* End PBXGroup section */

/* Begin PBXNativeTarget section */
		511635841F044380009792C0 /* YouTubeClone */ = {
			isa = PBXNativeTarget;
			buildConfigurationList = 511635AD1F044380009792C0 /* Build configuration list for PBXNativeTarget "YouTubeClone" */;
			buildPhases = (
				511635811F044380009792C0 /* Sources */,
				511635821F044380009792C0 /* Frameworks */,
				511635831F044380009792C0 /* Resources */,
			);
			buildRules = (
			);
			dependencies = (
			);
			name = YouTubeClone;
			productName = YouTubeClone;
			productReference = 511635851F044380009792C0 /* YouTubeClone.app */;
			productType = "com.apple.product-type.application";
		};
		511635981F044380009792C0 /* YouTubeCloneTests */ = {
			isa = PBXNativeTarget;
			buildConfigurationList = 511635B01F044380009792C0 /* Build configuration list for PBXNativeTarget "YouTubeCloneTests" */;
			buildPhases = (
				511635951F044380009792C0 /* Sources */,
				511635961F044380009792C0 /* Frameworks */,
				511635971F044380009792C0 /* Resources */,
			);
			buildRules = (
			);
			dependencies = (
				5116359B1F044380009792C0 /* PBXTargetDependency */,
			);
			name = YouTubeCloneTests;
			productName = YouTubeCloneTests;
			productReference = 511635991F044380009792C0 /* YouTubeCloneTests.xctest */;
			productType = "com.apple.product-type.bundle.unit-test";
		};
		511635A31F044380009792C0 /* YouTubeCloneUITests */ = {
			isa = PBXNativeTarget;
			buildConfigurationList = 511635B31F044380009792C0 /* Build configuration list for PBXNativeTarget "YouTubeCloneUITests" */;
			buildPhases = (
				511635A01F044380009792C0 /* Sources */,
				511635A11F044380009792C0 /* Frameworks */,
				511635A21F044380009792C0 /* Resources */,
			);
			buildRules = (
			);
			dependencies = (
				511635A61F044380009792C0 /* PBXTargetDependency */,
			);
			name = YouTubeCloneUITests;
			productName = YouTubeCloneUITests;
			productReference = 511635A41F044380009792C0 /* YouTubeCloneUITests.xctest */;
			productType = "com.apple.product-type.bundle.ui-testing";
		};
/* End PBXNativeTarget section */

/* Begin PBXProject section */
		5116357D1F044380009792C0 /* Project object */ = {
			isa = PBXProject;
			attributes = {
				LastSwiftUpdateCheck = 0830;
				LastUpgradeCheck = 0830;
				ORGANIZATIONNAME = Claude;
				TargetAttributes = {
					511635841F044380009792C0 = {
						CreatedOnToolsVersion = 8.3.1;
						ProvisioningStyle = Automatic;
					};
					511635981F044380009792C0 = {
						CreatedOnToolsVersion = 8.3.1;
						ProvisioningStyle = Automatic;
						TestTargetID = 511635841F044380009792C0;
					};
					511635A31F044380009792C0 = {
						CreatedOnToolsVersion = 8.3.1;
						ProvisioningStyle = Automatic;
						TestTargetID = 511635841F044380009792C0;
					};
				};
			};
			buildConfigurationList = 511635801F044380009792C0 /* Build configuration list for PBXProject "YouTubeClone" */;
			compatibilityVersion = "Xcode 3.2";
			developmentRegion = English;
			hasScannedForEncodings = 0;
			knownRegions = (
				en,
				Base,
			);
			mainGroup = 5116357C1F044380009792C0;
			productRefGroup = 511635861F044380009792C0 /* Products */;
			projectDirPath = "";
			projectRoot = "";
			targets = (
				511635841F044380009792C0 /* YouTubeClone */,
				511635981F044380009792C0 /* YouTubeCloneTests */,
				511635A31F044380009792C0 /* YouTubeCloneUITests */,
			);
		};
/* End PBXProject section */

/* Begin PBXResourcesBuildPhase section */
		511635831F044380009792C0 /* Resources */ = {
			isa = PBXResourcesBuildPhase;
			buildActionMask = 2147483647;
			files = (
				511635931F044380009792C0 /* LaunchScreen.storyboard in Resources */,
				511635901F044380009792C0 /* Assets.xcassets in Resources */,
				5116358E1F044380009792C0 /* Main.storyboard in Resources */,
			);
			runOnlyForDeploymentPostprocessing = 0;
		};
		511635971F044380009792C0 /* Resources */ = {
			isa = PBXResourcesBuildPhase;
			buildActionMask = 2147483647;
			files = (
			);
			runOnlyForDeploymentPostprocessing = 0;
		};
		511635A21F044380009792C0 /* Resources */ = {
			isa = PBXResourcesBuildPhase;
			buildActionMask = 2147483647;
			files = (
			);
			runOnlyForDeploymentPostprocessing = 0;
		};
/* End PBXResourcesBuildPhase section */

/* Begin PBXSourcesBuildPhase section */
		511635811F044380009792C0 /* Sources */ = {
			isa = PBXSourcesBuildPhase;
			buildActionMask = 2147483647;
			files = (
				51389DBF1F0984F900E768BD /* MenuCell.swift in Sources */,
				5116358B1F044380009792C0 /* HomeController.swift in Sources */,
				51389DB81F09786A00E768BD /* VideoCell.swift in Sources */,
				51389DB51F0977ED00E768BD /* Extensions.swift in Sources */,
				511635891F044380009792C0 /* AppDelegate.swift in Sources */,
				51389DC21F09959B00E768BD /* Video.swift in Sources */,
				51389DBD1F0983D600E768BD /* BaseCell.swift in Sources */,
				51389DBB1F097A3A00E768BD /* MenuBar.swift in Sources */,
			);
			runOnlyForDeploymentPostprocessing = 0;
		};
		511635951F044380009792C0 /* Sources */ = {
			isa = PBXSourcesBuildPhase;
			buildActionMask = 2147483647;
			files = (
				5116359E1F044380009792C0 /* YouTubeCloneTests.swift in Sources */,
			);
			runOnlyForDeploymentPostprocessing = 0;
		};
		511635A01F044380009792C0 /* Sources */ = {
			isa = PBXSourcesBuildPhase;
			buildActionMask = 2147483647;
			files = (
				511635A91F044380009792C0 /* YouTubeCloneUITests.swift in Sources */,
			);
			runOnlyForDeploymentPostprocessing = 0;
		};
/* End PBXSourcesBuildPhase section */

/* Begin PBXTargetDependency section */
		5116359B1F044380009792C0 /* PBXTargetDependency */ = {
			isa = PBXTargetDependency;
			target = 511635841F044380009792C0 /* YouTubeClone */;
			targetProxy = 5116359A1F044380009792C0 /* PBXContainerItemProxy */;
		};
		511635A61F044380009792C0 /* PBXTargetDependency */ = {
			isa = PBXTargetDependency;
			target = 511635841F044380009792C0 /* YouTubeClone */;
			targetProxy = 511635A51F044380009792C0 /* PBXContainerItemProxy */;
		};
/* End PBXTargetDependency section */

/* Begin PBXVariantGroup section */
		5116358C1F044380009792C0 /* Main.storyboard */ = {
			isa = PBXVariantGroup;
			children = (
				5116358D1F044380009792C0 /* Base */,
			);
			name = Main.storyboard;
			sourceTree = "<group>";
		};
		511635911F044380009792C0 /* LaunchScreen.storyboard */ = {
			isa = PBXVariantGroup;
			children = (
				511635921F044380009792C0 /* Base */,
			);
			name = LaunchScreen.storyboard;
			sourceTree = "<group>";
		};
/* End PBXVariantGroup section */

/* Begin XCBuildConfiguration section */
		511635AB1F044380009792C0 /* Debug */ = {
			isa = XCBuildConfiguration;
			buildSettings = {
				ALWAYS_SEARCH_USER_PATHS = NO;
				CLANG_ANALYZER_NONNULL = YES;
				CLANG_ANALYZER_NUMBER_OBJECT_CONVERSION = YES_AGGRESSIVE;
				CLANG_CXX_LANGUAGE_STANDARD = "gnu++0x";
				CLANG_CXX_LIBRARY = "libc++";
				CLANG_ENABLE_MODULES = YES;
				CLANG_ENABLE_OBJC_ARC = YES;
				CLANG_WARN_BOOL_CONVERSION = YES;
				CLANG_WARN_CONSTANT_CONVERSION = YES;
				CLANG_WARN_DIRECT_OBJC_ISA_USAGE = YES_ERROR;
				CLANG_WARN_DOCUMENTATION_COMMENTS = YES;
				CLANG_WARN_EMPTY_BODY = YES;
				CLANG_WARN_ENUM_CONVERSION = YES;
				CLANG_WARN_INFINITE_RECURSION = YES;
				CLANG_WARN_INT_CONVERSION = YES;
				CLANG_WARN_OBJC_ROOT_CLASS = YES_ERROR;
				CLANG_WARN_SUSPICIOUS_MOVE = YES;
				CLANG_WARN_UNREACHABLE_CODE = YES;
				CLANG_WARN__DUPLICATE_METHOD_MATCH = YES;
				"CODE_SIGN_IDENTITY[sdk=iphoneos*]" = "iPhone Developer";
				COPY_PHASE_STRIP = NO;
				DEBUG_INFORMATION_FORMAT = dwarf;
				ENABLE_STRICT_OBJC_MSGSEND = YES;
				ENABLE_TESTABILITY = YES;
				GCC_C_LANGUAGE_STANDARD = gnu99;
				GCC_DYNAMIC_NO_PIC = NO;
				GCC_NO_COMMON_BLOCKS = YES;
				GCC_OPTIMIZATION_LEVEL = 0;
				GCC_PREPROCESSOR_DEFINITIONS = (
					"DEBUG=1",
					"$(inherited)",
				);
				GCC_WARN_64_TO_32_BIT_CONVERSION = YES;
				GCC_WARN_ABOUT_RETURN_TYPE = YES_ERROR;
				GCC_WARN_UNDECLARED_SELECTOR = YES;
				GCC_WARN_UNINITIALIZED_AUTOS = YES_AGGRESSIVE;
				GCC_WARN_UNUSED_FUNCTION = YES;
				GCC_WARN_UNUSED_VARIABLE = YES;
				IPHONEOS_DEPLOYMENT_TARGET = 10.3;
				MTL_ENABLE_DEBUG_INFO = YES;
				ONLY_ACTIVE_ARCH = YES;
				SDKROOT = iphoneos;
				SWIFT_ACTIVE_COMPILATION_CONDITIONS = DEBUG;
				SWIFT_OPTIMIZATION_LEVEL = "-Onone";
				TARGETED_DEVICE_FAMILY = "1,2";
			};
			name = Debug;
		};
		511635AC1F044380009792C0 /* Release */ = {
			isa = XCBuildConfiguration;
			buildSettings = {
				ALWAYS_SEARCH_USER_PATHS = NO;
				CLANG_ANALYZER_NONNULL = YES;
				CLANG_ANALYZER_NUMBER_OBJECT_CONVERSION = YES_AGGRESSIVE;
				CLANG_CXX_LANGUAGE_STANDARD = "gnu++0x";
				CLANG_CXX_LIBRARY = "libc++";
				CLANG_ENABLE_MODULES = YES;
				CLANG_ENABLE_OBJC_ARC = YES;
				CLANG_WARN_BOOL_CONVERSION = YES;
				CLANG_WARN_CONSTANT_CONVERSION = YES;
				CLANG_WARN_DIRECT_OBJC_ISA_USAGE = YES_ERROR;
				CLANG_WARN_DOCUMENTATION_COMMENTS = YES;
				CLANG_WARN_EMPTY_BODY = YES;
				CLANG_WARN_ENUM_CONVERSION = YES;
				CLANG_WARN_INFINITE_RECURSION = YES;
				CLANG_WARN_INT_CONVERSION = YES;
				CLANG_WARN_OBJC_ROOT_CLASS = YES_ERROR;
				CLANG_WARN_SUSPICIOUS_MOVE = YES;
				CLANG_WARN_UNREACHABLE_CODE = YES;
				CLANG_WARN__DUPLICATE_METHOD_MATCH = YES;
				"CODE_SIGN_IDENTITY[sdk=iphoneos*]" = "iPhone Developer";
				COPY_PHASE_STRIP = NO;
				DEBUG_INFORMATION_FORMAT = "dwarf-with-dsym";
				ENABLE_NS_ASSERTIONS = NO;
				ENABLE_STRICT_OBJC_MSGSEND = YES;
				GCC_C_LANGUAGE_STANDARD = gnu99;
				GCC_NO_COMMON_BLOCKS = YES;
				GCC_WARN_64_TO_32_BIT_CONVERSION = YES;
				GCC_WARN_ABOUT_RETURN_TYPE = YES_ERROR;
				GCC_WARN_UNDECLARED_SELECTOR = YES;
				GCC_WARN_UNINITIALIZED_AUTOS = YES_AGGRESSIVE;
				GCC_WARN_UNUSED_FUNCTION = YES;
				GCC_WARN_UNUSED_VARIABLE = YES;
				IPHONEOS_DEPLOYMENT_TARGET = 10.3;
				MTL_ENABLE_DEBUG_INFO = NO;
				SDKROOT = iphoneos;
				SWIFT_OPTIMIZATION_LEVEL = "-Owholemodule";
				TARGETED_DEVICE_FAMILY = "1,2";
				VALIDATE_PRODUCT = YES;
			};
			name = Release;
		};
		511635AE1F044380009792C0 /* Debug */ = {
			isa = XCBuildConfiguration;
			buildSettings = {
				ASSETCATALOG_COMPILER_APPICON_NAME = AppIcon;
				INFOPLIST_FILE = YouTubeClone/Info.plist;
				LD_RUNPATH_SEARCH_PATHS = "$(inherited) @executable_path/Frameworks";
				PRODUCT_BUNDLE_IDENTIFIER = cfb.YouTubeClone;
				PRODUCT_NAME = "$(TARGET_NAME)";
				SWIFT_VERSION = 3.0;
			};
			name = Debug;
		};
		511635AF1F044380009792C0 /* Release */ = {
			isa = XCBuildConfiguration;
			buildSettings = {
				ASSETCATALOG_COMPILER_APPICON_NAME = AppIcon;
				INFOPLIST_FILE = YouTubeClone/Info.plist;
				LD_RUNPATH_SEARCH_PATHS = "$(inherited) @executable_path/Frameworks";
				PRODUCT_BUNDLE_IDENTIFIER = cfb.YouTubeClone;
				PRODUCT_NAME = "$(TARGET_NAME)";
				SWIFT_VERSION = 3.0;
			};
			name = Release;
		};
		511635B11F044380009792C0 /* Debug */ = {
			isa = XCBuildConfiguration;
			buildSettings = {
				ALWAYS_EMBED_SWIFT_STANDARD_LIBRARIES = YES;
				BUNDLE_LOADER = "$(TEST_HOST)";
				INFOPLIST_FILE = YouTubeCloneTests/Info.plist;
				LD_RUNPATH_SEARCH_PATHS = "$(inherited) @executable_path/Frameworks @loader_path/Frameworks";
				PRODUCT_BUNDLE_IDENTIFIER = cfb.YouTubeCloneTests;
				PRODUCT_NAME = "$(TARGET_NAME)";
				SWIFT_VERSION = 3.0;
				TEST_HOST = "$(BUILT_PRODUCTS_DIR)/YouTubeClone.app/YouTubeClone";
			};
			name = Debug;
		};
		511635B21F044380009792C0 /* Release */ = {
			isa = XCBuildConfiguration;
			buildSettings = {
				ALWAYS_EMBED_SWIFT_STANDARD_LIBRARIES = YES;
				BUNDLE_LOADER = "$(TEST_HOST)";
				INFOPLIST_FILE = YouTubeCloneTests/Info.plist;
				LD_RUNPATH_SEARCH_PATHS = "$(inherited) @executable_path/Frameworks @loader_path/Frameworks";
				PRODUCT_BUNDLE_IDENTIFIER = cfb.YouTubeCloneTests;
				PRODUCT_NAME = "$(TARGET_NAME)";
				SWIFT_VERSION = 3.0;
				TEST_HOST = "$(BUILT_PRODUCTS_DIR)/YouTubeClone.app/YouTubeClone";
			};
			name = Release;
		};
		511635B41F044380009792C0 /* Debug */ = {
			isa = XCBuildConfiguration;
			buildSettings = {
				ALWAYS_EMBED_SWIFT_STANDARD_LIBRARIES = YES;
				INFOPLIST_FILE = YouTubeCloneUITests/Info.plist;
				LD_RUNPATH_SEARCH_PATHS = "$(inherited) @executable_path/Frameworks @loader_path/Frameworks";
				PRODUCT_BUNDLE_IDENTIFIER = cfb.YouTubeCloneUITests;
				PRODUCT_NAME = "$(TARGET_NAME)";
				SWIFT_VERSION = 3.0;
				TEST_TARGET_NAME = YouTubeClone;
			};
			name = Debug;
		};
		511635B51F044380009792C0 /* Release */ = {
			isa = XCBuildConfiguration;
			buildSettings = {
				ALWAYS_EMBED_SWIFT_STANDARD_LIBRARIES = YES;
				INFOPLIST_FILE = YouTubeCloneUITests/Info.plist;
				LD_RUNPATH_SEARCH_PATHS = "$(inherited) @executable_path/Frameworks @loader_path/Frameworks";
				PRODUCT_BUNDLE_IDENTIFIER = cfb.YouTubeCloneUITests;
				PRODUCT_NAME = "$(TARGET_NAME)";
				SWIFT_VERSION = 3.0;
				TEST_TARGET_NAME = YouTubeClone;
			};
			name = Release;
		};
/* End XCBuildConfiguration section */

/* Begin XCConfigurationList section */
		511635801F044380009792C0 /* Build configuration list for PBXProject "YouTubeClone" */ = {
			isa = XCConfigurationList;
			buildConfigurations = (
				511635AB1F044380009792C0 /* Debug */,
				511635AC1F044380009792C0 /* Release */,
			);
			defaultConfigurationIsVisible = 0;
			defaultConfigurationName = Release;
		};
		511635AD1F044380009792C0 /* Build configuration list for PBXNativeTarget "YouTubeClone" */ = {
			isa = XCConfigurationList;
			buildConfigurations = (
				511635AE1F044380009792C0 /* Debug */,
				511635AF1F044380009792C0 /* Release */,
			);
			defaultConfigurationIsVisible = 0;
			defaultConfigurationName = Release;
		};
		511635B01F044380009792C0 /* Build configuration list for PBXNativeTarget "YouTubeCloneTests" */ = {
			isa = XCConfigurationList;
			buildConfigurations = (
				511635B11F044380009792C0 /* Debug */,
				511635B21F044380009792C0 /* Release */,
			);
			defaultConfigurationIsVisible = 0;
			defaultConfigurationName = Release;
		};
		511635B31F044380009792C0 /* Build configuration list for PBXNativeTarget "YouTubeCloneUITests" */ = {
			isa = XCConfigurationList;
			buildConfigurations = (
				511635B41F044380009792C0 /* Debug */,
				511635B51F044380009792C0 /* Release */,
			);
			defaultConfigurationIsVisible = 0;
			defaultConfigurationName = Release;
		};
/* End XCConfigurationList section */
	};
	rootObject = 5116357D1F044380009792C0 /* Project object */;
}
