// !$*UTF8*$!
{
	archiveVersion = 1;
	classes = {
	};
	objectVersion = 46;
	objects = {

/* Begin PBXBuildFile section */
		512CE5A81EBCF985002F5031 /* AppDelegate.swift in Sources */ = {isa = PBXBuildFile; fileRef = 512CE5A71EBCF985002F5031 /* AppDelegate.swift */; };
		512CE5AA1EBCF985002F5031 /* ViewController.swift in Sources */ = {isa = PBXBuildFile; fileRef = 512CE5A91EBCF985002F5031 /* ViewController.swift */; };
		512CE5AD1EBCF985002F5031 /* Main.storyboard in Resources */ = {isa = PBXBuildFile; fileRef = 512CE5AB1EBCF985002F5031 /* Main.storyboard */; };
		512CE5B01EBCF985002F5031 /* KindleClone.xcdatamodeld in Sources */ = {isa = PBXBuildFile; fileRef = 512CE5AE1EBCF985002F5031 /* KindleClone.xcdatamodeld */; };
		512CE5B21EBCF985002F5031 /* Assets.xcassets in Resources */ = {isa = PBXBuildFile; fileRef = 512CE5B11EBCF985002F5031 /* Assets.xcassets */; };
		512CE5B51EBCF985002F5031 /* LaunchScreen.storyboard in Resources */ = {isa = PBXBuildFile; fileRef = 512CE5B31EBCF985002F5031 /* LaunchScreen.storyboard */; };
		512CE5C01EBCF985002F5031 /* KindleCloneTests.swift in Sources */ = {isa = PBXBuildFile; fileRef = 512CE5BF1EBCF985002F5031 /* KindleCloneTests.swift */; };
		512CE5CB1EBCF985002F5031 /* KindleCloneUITests.swift in Sources */ = {isa = PBXBuildFile; fileRef = 512CE5CA1EBCF985002F5031 /* KindleCloneUITests.swift */; };
/* End PBXBuildFile section */

/* Begin PBXContainerItemProxy section */
		512CE5BC1EBCF985002F5031 /* PBXContainerItemProxy */ = {
			isa = PBXContainerItemProxy;
			containerPortal = 512CE59C1EBCF985002F5031 /* Project object */;
			proxyType = 1;
			remoteGlobalIDString = 512CE5A31EBCF985002F5031;
			remoteInfo = KindleClone;
		};
		512CE5C71EBCF985002F5031 /* PBXContainerItemProxy */ = {
			isa = PBXContainerItemProxy;
			containerPortal = 512CE59C1EBCF985002F5031 /* Project object */;
			proxyType = 1;
			remoteGlobalIDString = 512CE5A31EBCF985002F5031;
			remoteInfo = KindleClone;
		};
/* End PBXContainerItemProxy section */

/* Begin PBXFileReference section */
		512CE5A41EBCF985002F5031 /* KindleClone.app */ = {isa = PBXFileReference; explicitFileType = wrapper.application; includeInIndex = 0; path = KindleClone.app; sourceTree = BUILT_PRODUCTS_DIR; };
		512CE5A71EBCF985002F5031 /* AppDelegate.swift */ = {isa = PBXFileReference; lastKnownFileType = sourcecode.swift; path = AppDelegate.swift; sourceTree = "<group>"; };
		512CE5A91EBCF985002F5031 /* ViewController.swift */ = {isa = PBXFileReference; lastKnownFileType = sourcecode.swift; path = ViewController.swift; sourceTree = "<group>"; };
		512CE5AC1EBCF985002F5031 /* Base */ = {isa = PBXFileReference; lastKnownFileType = file.storyboard; name = Base; path = Base.lproj/Main.storyboard; sourceTree = "<group>"; };
		512CE5AF1EBCF985002F5031 /* KindleClone.xcdatamodel */ = {isa = PBXFileReference; lastKnownFileType = wrapper.xcdatamodel; path = KindleClone.xcdatamodel; sourceTree = "<group>"; };
		512CE5B11EBCF985002F5031 /* Assets.xcassets */ = {isa = PBXFileReference; lastKnownFileType = folder.assetcatalog; path = Assets.xcassets; sourceTree = "<group>"; };
		512CE5B41EBCF985002F5031 /* Base */ = {isa = PBXFileReference; lastKnownFileType = file.storyboard; name = Base; path = Base.lproj/LaunchScreen.storyboard; sourceTree = "<group>"; };
		512CE5B61EBCF985002F5031 /* Info.plist */ = {isa = PBXFileReference; lastKnownFileType = text.plist.xml; path = Info.plist; sourceTree = "<group>"; };
		512CE5BB1EBCF985002F5031 /* KindleCloneTests.xctest */ = {isa = PBXFileReference; explicitFileType = wrapper.cfbundle; includeInIndex = 0; path = KindleCloneTests.xctest; sourceTree = BUILT_PRODUCTS_DIR; };
		512CE5BF1EBCF985002F5031 /* KindleCloneTests.swift */ = {isa = PBXFileReference; lastKnownFileType = sourcecode.swift; path = KindleCloneTests.swift; sourceTree = "<group>"; };
		512CE5C11EBCF985002F5031 /* Info.plist */ = {isa = PBXFileReference; lastKnownFileType = text.plist.xml; path = Info.plist; sourceTree = "<group>"; };
		512CE5C61EBCF985002F5031 /* KindleCloneUITests.xctest */ = {isa = PBXFileReference; explicitFileType = wrapper.cfbundle; includeInIndex = 0; path = KindleCloneUITests.xctest; sourceTree = BUILT_PRODUCTS_DIR; };
		512CE5CA1EBCF985002F5031 /* KindleCloneUITests.swift */ = {isa = PBXFileReference; lastKnownFileType = sourcecode.swift; path = KindleCloneUITests.swift; sourceTree = "<group>"; };
		512CE5CC1EBCF985002F5031 /* Info.plist */ = {isa = PBXFileReference; lastKnownFileType = text.plist.xml; path = Info.plist; sourceTree = "<group>"; };
/* End PBXFileReference section */

/* Begin PBXFrameworksBuildPhase section */
		512CE5A11EBCF985002F5031 /* Frameworks */ = {
			isa = PBXFrameworksBuildPhase;
			buildActionMask = 2147483647;
			files = (
			);
			runOnlyForDeploymentPostprocessing = 0;
		};
		512CE5B81EBCF985002F5031 /* Frameworks */ = {
			isa = PBXFrameworksBuildPhase;
			buildActionMask = 2147483647;
			files = (
			);
			runOnlyForDeploymentPostprocessing = 0;
		};
		512CE5C31EBCF985002F5031 /* Frameworks */ = {
			isa = PBXFrameworksBuildPhase;
			buildActionMask = 2147483647;
			files = (
			);
			runOnlyForDeploymentPostprocessing = 0;
		};
/* End PBXFrameworksBuildPhase section */

/* Begin PBXGroup section */
		512CE59B1EBCF985002F5031 = {
			isa = PBXGroup;
			children = (
				512CE5A61EBCF985002F5031 /* KindleClone */,
				512CE5BE1EBCF985002F5031 /* KindleCloneTests */,
				512CE5C91EBCF985002F5031 /* KindleCloneUITests */,
				512CE5A51EBCF985002F5031 /* Products */,
			);
			sourceTree = "<group>";
		};
		512CE5A51EBCF985002F5031 /* Products */ = {
			isa = PBXGroup;
			children = (
				512CE5A41EBCF985002F5031 /* KindleClone.app */,
				512CE5BB1EBCF985002F5031 /* KindleCloneTests.xctest */,
				512CE5C61EBCF985002F5031 /* KindleCloneUITests.xctest */,
			);
			name = Products;
			sourceTree = "<group>";
		};
		512CE5A61EBCF985002F5031 /* KindleClone */ = {
			isa = PBXGroup;
			children = (
				512CE5D81EBCF9AD002F5031 /* Other Files */,
				512CE5A91EBCF985002F5031 /* ViewController.swift */,
				512CE5AB1EBCF985002F5031 /* Main.storyboard */,
			);
			path = KindleClone;
			sourceTree = "<group>";
		};
		512CE5BE1EBCF985002F5031 /* KindleCloneTests */ = {
			isa = PBXGroup;
			children = (
				512CE5BF1EBCF985002F5031 /* KindleCloneTests.swift */,
				512CE5C11EBCF985002F5031 /* Info.plist */,
			);
			path = KindleCloneTests;
			sourceTree = "<group>";
		};
		512CE5C91EBCF985002F5031 /* KindleCloneUITests */ = {
			isa = PBXGroup;
			children = (
				512CE5CA1EBCF985002F5031 /* KindleCloneUITests.swift */,
				512CE5CC1EBCF985002F5031 /* Info.plist */,
			);
			path = KindleCloneUITests;
			sourceTree = "<group>";
		};
		512CE5D81EBCF9AD002F5031 /* Other Files */ = {
			isa = PBXGroup;
			children = (
				512CE5A71EBCF985002F5031 /* AppDelegate.swift */,
				512CE5B11EBCF985002F5031 /* Assets.xcassets */,
				512CE5B31EBCF985002F5031 /* LaunchScreen.storyboard */,
				512CE5B61EBCF985002F5031 /* Info.plist */,
				512CE5AE1EBCF985002F5031 /* KindleClone.xcdatamodeld */,
			);
			name = "Other Files";
			sourceTree = "<group>";
		};
/* End PBXGroup section */

/* Begin PBXNativeTarget section */
		512CE5A31EBCF985002F5031 /* KindleClone */ = {
			isa = PBXNativeTarget;
			buildConfigurationList = 512CE5CF1EBCF985002F5031 /* Build configuration list for PBXNativeTarget "KindleClone" */;
			buildPhases = (
				512CE5A01EBCF985002F5031 /* Sources */,
				512CE5A11EBCF985002F5031 /* Frameworks */,
				512CE5A21EBCF985002F5031 /* Resources */,
			);
			buildRules = (
			);
			dependencies = (
			);
			name = KindleClone;
			productName = KindleClone;
			productReference = 512CE5A41EBCF985002F5031 /* KindleClone.app */;
			productType = "com.apple.product-type.application";
		};
		512CE5BA1EBCF985002F5031 /* KindleCloneTests */ = {
			isa = PBXNativeTarget;
			buildConfigurationList = 512CE5D21EBCF985002F5031 /* Build configuration list for PBXNativeTarget "KindleCloneTests" */;
			buildPhases = (
				512CE5B71EBCF985002F5031 /* Sources */,
				512CE5B81EBCF985002F5031 /* Frameworks */,
				512CE5B91EBCF985002F5031 /* Resources */,
			);
			buildRules = (
			);
			dependencies = (
				512CE5BD1EBCF985002F5031 /* PBXTargetDependency */,
			);
			name = KindleCloneTests;
			productName = KindleCloneTests;
			productReference = 512CE5BB1EBCF985002F5031 /* KindleCloneTests.xctest */;
			productType = "com.apple.product-type.bundle.unit-test";
		};
		512CE5C51EBCF985002F5031 /* KindleCloneUITests */ = {
			isa = PBXNativeTarget;
			buildConfigurationList = 512CE5D51EBCF985002F5031 /* Build configuration list for PBXNativeTarget "KindleCloneUITests" */;
			buildPhases = (
				512CE5C21EBCF985002F5031 /* Sources */,
				512CE5C31EBCF985002F5031 /* Frameworks */,
				512CE5C41EBCF985002F5031 /* Resources */,
			);
			buildRules = (
			);
			dependencies = (
				512CE5C81EBCF985002F5031 /* PBXTargetDependency */,
			);
			name = KindleCloneUITests;
			productName = KindleCloneUITests;
			productReference = 512CE5C61EBCF985002F5031 /* KindleCloneUITests.xctest */;
			productType = "com.apple.product-type.bundle.ui-testing";
		};
/* End PBXNativeTarget section */

/* Begin PBXProject section */
		512CE59C1EBCF985002F5031 /* Project object */ = {
			isa = PBXProject;
			attributes = {
				LastSwiftUpdateCheck = 0830;
				LastUpgradeCheck = 0830;
				ORGANIZATIONNAME = cfb;
				TargetAttributes = {
					512CE5A31EBCF985002F5031 = {
						CreatedOnToolsVersion = 8.3.2;
						ProvisioningStyle = Automatic;
					};
					512CE5BA1EBCF985002F5031 = {
						CreatedOnToolsVersion = 8.3.2;
						ProvisioningStyle = Automatic;
						TestTargetID = 512CE5A31EBCF985002F5031;
					};
					512CE5C51EBCF985002F5031 = {
						CreatedOnToolsVersion = 8.3.2;
						ProvisioningStyle = Automatic;
						TestTargetID = 512CE5A31EBCF985002F5031;
					};
				};
			};
			buildConfigurationList = 512CE59F1EBCF985002F5031 /* Build configuration list for PBXProject "KindleClone" */;
			compatibilityVersion = "Xcode 3.2";
			developmentRegion = English;
			hasScannedForEncodings = 0;
			knownRegions = (
				en,
				Base,
			);
			mainGroup = 512CE59B1EBCF985002F5031;
			productRefGroup = 512CE5A51EBCF985002F5031 /* Products */;
			projectDirPath = "";
			projectRoot = "";
			targets = (
				512CE5A31EBCF985002F5031 /* KindleClone */,
				512CE5BA1EBCF985002F5031 /* KindleCloneTests */,
				512CE5C51EBCF985002F5031 /* KindleCloneUITests */,
			);
		};
/* End PBXProject section */

/* Begin PBXResourcesBuildPhase section */
		512CE5A21EBCF985002F5031 /* Resources */ = {
			isa = PBXResourcesBuildPhase;
			buildActionMask = 2147483647;
			files = (
				512CE5B51EBCF985002F5031 /* LaunchScreen.storyboard in Resources */,
				512CE5B21EBCF985002F5031 /* Assets.xcassets in Resources */,
				512CE5AD1EBCF985002F5031 /* Main.storyboard in Resources */,
			);
			runOnlyForDeploymentPostprocessing = 0;
		};
		512CE5B91EBCF985002F5031 /* Resources */ = {
			isa = PBXResourcesBuildPhase;
			buildActionMask = 2147483647;
			files = (
			);
			runOnlyForDeploymentPostprocessing = 0;
		};
		512CE5C41EBCF985002F5031 /* Resources */ = {
			isa = PBXResourcesBuildPhase;
			buildActionMask = 2147483647;
			files = (
			);
			runOnlyForDeploymentPostprocessing = 0;
		};
/* End PBXResourcesBuildPhase section */

/* Begin PBXSourcesBuildPhase section */
		512CE5A01EBCF985002F5031 /* Sources */ = {
			isa = PBXSourcesBuildPhase;
			buildActionMask = 2147483647;
			files = (
				512CE5AA1EBCF985002F5031 /* ViewController.swift in Sources */,
				512CE5B01EBCF985002F5031 /* KindleClone.xcdatamodeld in Sources */,
				512CE5A81EBCF985002F5031 /* AppDelegate.swift in Sources */,
			);
			runOnlyForDeploymentPostprocessing = 0;
		};
		512CE5B71EBCF985002F5031 /* Sources */ = {
			isa = PBXSourcesBuildPhase;
			buildActionMask = 2147483647;
			files = (
				512CE5C01EBCF985002F5031 /* KindleCloneTests.swift in Sources */,
			);
			runOnlyForDeploymentPostprocessing = 0;
		};
		512CE5C21EBCF985002F5031 /* Sources */ = {
			isa = PBXSourcesBuildPhase;
			buildActionMask = 2147483647;
			files = (
				512CE5CB1EBCF985002F5031 /* KindleCloneUITests.swift in Sources */,
			);
			runOnlyForDeploymentPostprocessing = 0;
		};
/* End PBXSourcesBuildPhase section */

/* Begin PBXTargetDependency section */
		512CE5BD1EBCF985002F5031 /* PBXTargetDependency */ = {
			isa = PBXTargetDependency;
			target = 512CE5A31EBCF985002F5031 /* KindleClone */;
			targetProxy = 512CE5BC1EBCF985002F5031 /* PBXContainerItemProxy */;
		};
		512CE5C81EBCF985002F5031 /* PBXTargetDependency */ = {
			isa = PBXTargetDependency;
			target = 512CE5A31EBCF985002F5031 /* KindleClone */;
			targetProxy = 512CE5C71EBCF985002F5031 /* PBXContainerItemProxy */;
		};
/* End PBXTargetDependency section */

/* Begin PBXVariantGroup section */
		512CE5AB1EBCF985002F5031 /* Main.storyboard */ = {
			isa = PBXVariantGroup;
			children = (
				512CE5AC1EBCF985002F5031 /* Base */,
			);
			name = Main.storyboard;
			sourceTree = "<group>";
		};
		512CE5B31EBCF985002F5031 /* LaunchScreen.storyboard */ = {
			isa = PBXVariantGroup;
			children = (
				512CE5B41EBCF985002F5031 /* Base */,
			);
			name = LaunchScreen.storyboard;
			sourceTree = "<group>";
		};
/* End PBXVariantGroup section */

/* Begin XCBuildConfiguration section */
		512CE5CD1EBCF985002F5031 /* Debug */ = {
			isa = XCBuildConfiguration;
			buildSettings = {
				ALWAYS_SEARCH_USER_PATHS = NO;
				CLANG_ANALYZER_NONNULL = YES;
				CLANG_ANALYZER_NUMBER_OBJECT_CONVERSION = YES_AGGRESSIVE;
				CLANG_CXX_LANGUAGE_STANDARD = "gnu++0x";
				CLANG_CXX_LIBRARY = "libc++";
				CLANG_ENABLE_MODULES = YES;
				CLANG_ENABLE_OBJC_ARC = YES;
				CLANG_WARN_BOOL_CONVERSION = YES;
				CLANG_WARN_CONSTANT_CONVERSION = YES;
				CLANG_WARN_DIRECT_OBJC_ISA_USAGE = YES_ERROR;
				CLANG_WARN_DOCUMENTATION_COMMENTS = YES;
				CLANG_WARN_EMPTY_BODY = YES;
				CLANG_WARN_ENUM_CONVERSION = YES;
				CLANG_WARN_INFINITE_RECURSION = YES;
				CLANG_WARN_INT_CONVERSION = YES;
				CLANG_WARN_OBJC_ROOT_CLASS = YES_ERROR;
				CLANG_WARN_SUSPICIOUS_MOVE = YES;
				CLANG_WARN_UNREACHABLE_CODE = YES;
				CLANG_WARN__DUPLICATE_METHOD_MATCH = YES;
				"CODE_SIGN_IDENTITY[sdk=iphoneos*]" = "iPhone Developer";
				COPY_PHASE_STRIP = NO;
				DEBUG_INFORMATION_FORMAT = dwarf;
				ENABLE_STRICT_OBJC_MSGSEND = YES;
				ENABLE_TESTABILITY = YES;
				GCC_C_LANGUAGE_STANDARD = gnu99;
				GCC_DYNAMIC_NO_PIC = NO;
				GCC_NO_COMMON_BLOCKS = YES;
				GCC_OPTIMIZATION_LEVEL = 0;
				GCC_PREPROCESSOR_DEFINITIONS = (
					"DEBUG=1",
					"$(inherited)",
				);
				GCC_WARN_64_TO_32_BIT_CONVERSION = YES;
				GCC_WARN_ABOUT_RETURN_TYPE = YES_ERROR;
				GCC_WARN_UNDECLARED_SELECTOR = YES;
				GCC_WARN_UNINITIALIZED_AUTOS = YES_AGGRESSIVE;
				GCC_WARN_UNUSED_FUNCTION = YES;
				GCC_WARN_UNUSED_VARIABLE = YES;
				IPHONEOS_DEPLOYMENT_TARGET = 10.3;
				MTL_ENABLE_DEBUG_INFO = YES;
				ONLY_ACTIVE_ARCH = YES;
				SDKROOT = iphoneos;
				SWIFT_ACTIVE_COMPILATION_CONDITIONS = DEBUG;
				SWIFT_OPTIMIZATION_LEVEL = "-Onone";
				TARGETED_DEVICE_FAMILY = "1,2";
			};
			name = Debug;
		};
		512CE5CE1EBCF985002F5031 /* Release */ = {
			isa = XCBuildConfiguration;
			buildSettings = {
				ALWAYS_SEARCH_USER_PATHS = NO;
				CLANG_ANALYZER_NONNULL = YES;
				CLANG_ANALYZER_NUMBER_OBJECT_CONVERSION = YES_AGGRESSIVE;
				CLANG_CXX_LANGUAGE_STANDARD = "gnu++0x";
				CLANG_CXX_LIBRARY = "libc++";
				CLANG_ENABLE_MODULES = YES;
				CLANG_ENABLE_OBJC_ARC = YES;
				CLANG_WARN_BOOL_CONVERSION = YES;
				CLANG_WARN_CONSTANT_CONVERSION = YES;
				CLANG_WARN_DIRECT_OBJC_ISA_USAGE = YES_ERROR;
				CLANG_WARN_DOCUMENTATION_COMMENTS = YES;
				CLANG_WARN_EMPTY_BODY = YES;
				CLANG_WARN_ENUM_CONVERSION = YES;
				CLANG_WARN_INFINITE_RECURSION = YES;
				CLANG_WARN_INT_CONVERSION = YES;
				CLANG_WARN_OBJC_ROOT_CLASS = YES_ERROR;
				CLANG_WARN_SUSPICIOUS_MOVE = YES;
				CLANG_WARN_UNREACHABLE_CODE = YES;
				CLANG_WARN__DUPLICATE_METHOD_MATCH = YES;
				"CODE_SIGN_IDENTITY[sdk=iphoneos*]" = "iPhone Developer";
				COPY_PHASE_STRIP = NO;
				DEBUG_INFORMATION_FORMAT = "dwarf-with-dsym";
				ENABLE_NS_ASSERTIONS = NO;
				ENABLE_STRICT_OBJC_MSGSEND = YES;
				GCC_C_LANGUAGE_STANDARD = gnu99;
				GCC_NO_COMMON_BLOCKS = YES;
				GCC_WARN_64_TO_32_BIT_CONVERSION = YES;
				GCC_WARN_ABOUT_RETURN_TYPE = YES_ERROR;
				GCC_WARN_UNDECLARED_SELECTOR = YES;
				GCC_WARN_UNINITIALIZED_AUTOS = YES_AGGRESSIVE;
				GCC_WARN_UNUSED_FUNCTION = YES;
				GCC_WARN_UNUSED_VARIABLE = YES;
				IPHONEOS_DEPLOYMENT_TARGET = 10.3;
				MTL_ENABLE_DEBUG_INFO = NO;
				SDKROOT = iphoneos;
				SWIFT_OPTIMIZATION_LEVEL = "-Owholemodule";
				TARGETED_DEVICE_FAMILY = "1,2";
				VALIDATE_PRODUCT = YES;
			};
			name = Release;
		};
		512CE5D01EBCF985002F5031 /* Debug */ = {
			isa = XCBuildConfiguration;
			buildSettings = {
				ASSETCATALOG_COMPILER_APPICON_NAME = AppIcon;
				INFOPLIST_FILE = KindleClone/Info.plist;
				LD_RUNPATH_SEARCH_PATHS = "$(inherited) @executable_path/Frameworks";
				PRODUCT_BUNDLE_IDENTIFIER = com.cfb.com.KindleClone;
				PRODUCT_NAME = "$(TARGET_NAME)";
				SWIFT_VERSION = 3.0;
			};
			name = Debug;
		};
		512CE5D11EBCF985002F5031 /* Release */ = {
			isa = XCBuildConfiguration;
			buildSettings = {
				ASSETCATALOG_COMPILER_APPICON_NAME = AppIcon;
				INFOPLIST_FILE = KindleClone/Info.plist;
				LD_RUNPATH_SEARCH_PATHS = "$(inherited) @executable_path/Frameworks";
				PRODUCT_BUNDLE_IDENTIFIER = com.cfb.com.KindleClone;
				PRODUCT_NAME = "$(TARGET_NAME)";
				SWIFT_VERSION = 3.0;
			};
			name = Release;
		};
		512CE5D31EBCF985002F5031 /* Debug */ = {
			isa = XCBuildConfiguration;
			buildSettings = {
				ALWAYS_EMBED_SWIFT_STANDARD_LIBRARIES = YES;
				BUNDLE_LOADER = "$(TEST_HOST)";
				INFOPLIST_FILE = KindleCloneTests/Info.plist;
				LD_RUNPATH_SEARCH_PATHS = "$(inherited) @executable_path/Frameworks @loader_path/Frameworks";
				PRODUCT_BUNDLE_IDENTIFIER = com.cfb.com.KindleCloneTests;
				PRODUCT_NAME = "$(TARGET_NAME)";
				SWIFT_VERSION = 3.0;
				TEST_HOST = "$(BUILT_PRODUCTS_DIR)/KindleClone.app/KindleClone";
			};
			name = Debug;
		};
		512CE5D41EBCF985002F5031 /* Release */ = {
			isa = XCBuildConfiguration;
			buildSettings = {
				ALWAYS_EMBED_SWIFT_STANDARD_LIBRARIES = YES;
				BUNDLE_LOADER = "$(TEST_HOST)";
				INFOPLIST_FILE = KindleCloneTests/Info.plist;
				LD_RUNPATH_SEARCH_PATHS = "$(inherited) @executable_path/Frameworks @loader_path/Frameworks";
				PRODUCT_BUNDLE_IDENTIFIER = com.cfb.com.KindleCloneTests;
				PRODUCT_NAME = "$(TARGET_NAME)";
				SWIFT_VERSION = 3.0;
				TEST_HOST = "$(BUILT_PRODUCTS_DIR)/KindleClone.app/KindleClone";
			};
			name = Release;
		};
		512CE5D61EBCF985002F5031 /* Debug */ = {
			isa = XCBuildConfiguration;
			buildSettings = {
				ALWAYS_EMBED_SWIFT_STANDARD_LIBRARIES = YES;
				INFOPLIST_FILE = KindleCloneUITests/Info.plist;
				LD_RUNPATH_SEARCH_PATHS = "$(inherited) @executable_path/Frameworks @loader_path/Frameworks";
				PRODUCT_BUNDLE_IDENTIFIER = com.cfb.com.KindleCloneUITests;
				PRODUCT_NAME = "$(TARGET_NAME)";
				SWIFT_VERSION = 3.0;
				TEST_TARGET_NAME = KindleClone;
			};
			name = Debug;
		};
		512CE5D71EBCF985002F5031 /* Release */ = {
			isa = XCBuildConfiguration;
			buildSettings = {
				ALWAYS_EMBED_SWIFT_STANDARD_LIBRARIES = YES;
				INFOPLIST_FILE = KindleCloneUITests/Info.plist;
				LD_RUNPATH_SEARCH_PATHS = "$(inherited) @executable_path/Frameworks @loader_path/Frameworks";
				PRODUCT_BUNDLE_IDENTIFIER = com.cfb.com.KindleCloneUITests;
				PRODUCT_NAME = "$(TARGET_NAME)";
				SWIFT_VERSION = 3.0;
				TEST_TARGET_NAME = KindleClone;
			};
			name = Release;
		};
/* End XCBuildConfiguration section */

/* Begin XCConfigurationList section */
		512CE59F1EBCF985002F5031 /* Build configuration list for PBXProject "KindleClone" */ = {
			isa = XCConfigurationList;
			buildConfigurations = (
				512CE5CD1EBCF985002F5031 /* Debug */,
				512CE5CE1EBCF985002F5031 /* Release */,
			);
			defaultConfigurationIsVisible = 0;
			defaultConfigurationName = Release;
		};
		512CE5CF1EBCF985002F5031 /* Build configuration list for PBXNativeTarget "KindleClone" */ = {
			isa = XCConfigurationList;
			buildConfigurations = (
				512CE5D01EBCF985002F5031 /* Debug */,
				512CE5D11EBCF985002F5031 /* Release */,
			);
			defaultConfigurationIsVisible = 0;
		};
		512CE5D21EBCF985002F5031 /* Build configuration list for PBXNativeTarget "KindleCloneTests" */ = {
			isa = XCConfigurationList;
			buildConfigurations = (
				512CE5D31EBCF985002F5031 /* Debug */,
				512CE5D41EBCF985002F5031 /* Release */,
			);
			defaultConfigurationIsVisible = 0;
		};
		512CE5D51EBCF985002F5031 /* Build configuration list for PBXNativeTarget "KindleCloneUITests" */ = {
			isa = XCConfigurationList;
			buildConfigurations = (
				512CE5D61EBCF985002F5031 /* Debug */,
				512CE5D71EBCF985002F5031 /* Release */,
			);
			defaultConfigurationIsVisible = 0;
		};
/* End XCConfigurationList section */

/* Begin XCVersionGroup section */
		512CE5AE1EBCF985002F5031 /* KindleClone.xcdatamodeld */ = {
			isa = XCVersionGroup;
			children = (
				512CE5AF1EBCF985002F5031 /* KindleClone.xcdatamodel */,
			);
			currentVersion = 512CE5AF1EBCF985002F5031 /* KindleClone.xcdatamodel */;
			path = KindleClone.xcdatamodeld;
			sourceTree = "<group>";
			versionGroupType = wrapper.xcdatamodel;
		};
/* End XCVersionGroup section */
	};
	rootObject = 512CE59C1EBCF985002F5031 /* Project object */;
}
